// !$*UTF8*$!
{
	archiveVersion = 1;
	classes = {
	};
	objectVersion = 46;
	objects = {

/* Begin PBXBuildFile section */
		0D164A731E7D21AD007F077E /* RestaurantDetailViewController.m in Sources */ = {isa = PBXBuildFile; fileRef = 0D164A721E7D21AD007F077E /* RestaurantDetailViewController.m */; };
		0D164A761E7D5D86007F077E /* Restaurant.m in Sources */ = {isa = PBXBuildFile; fileRef = 0D164A751E7D5D86007F077E /* Restaurant.m */; };
		0D5FD4881E7D70D0004BC128 /* RestaurantDetailTableViewCell.m in Sources */ = {isa = PBXBuildFile; fileRef = 0D5FD4871E7D70D0004BC128 /* RestaurantDetailTableViewCell.m */; };
		0D9F85011E8A3884000DA3DA /* MapKit.framework in Frameworks */ = {isa = PBXBuildFile; fileRef = 0D9F85001E8A3884000DA3DA /* MapKit.framework */; };
		0D9F85041E8A4072000DA3DA /* MapViewController.m in Sources */ = {isa = PBXBuildFile; fileRef = 0D9F85031E8A4072000DA3DA /* MapViewController.m */; };
		0DD98A8D1E7C15EF0030E698 /* main.m in Sources */ = {isa = PBXBuildFile; fileRef = 0DD98A8C1E7C15EF0030E698 /* main.m */; };
		0DD98A901E7C15EF0030E698 /* AppDelegate.m in Sources */ = {isa = PBXBuildFile; fileRef = 0DD98A8F1E7C15EF0030E698 /* AppDelegate.m */; };
		0DD98A961E7C15F00030E698 /* Main.storyboard in Resources */ = {isa = PBXBuildFile; fileRef = 0DD98A941E7C15F00030E698 /* Main.storyboard */; };
		0DD98A981E7C15F00030E698 /* Assets.xcassets in Resources */ = {isa = PBXBuildFile; fileRef = 0DD98A971E7C15F00030E698 /* Assets.xcassets */; };
		0DD98A9B1E7C15F00030E698 /* LaunchScreen.storyboard in Resources */ = {isa = PBXBuildFile; fileRef = 0DD98A991E7C15F00030E698 /* LaunchScreen.storyboard */; };
		0DD98AA41E7C17800030E698 /* RestaurantTableViewController.m in Sources */ = {isa = PBXBuildFile; fileRef = 0DD98AA31E7C17800030E698 /* RestaurantTableViewController.m */; };
		0DE32E741E7C1F9400F99BF6 /* RestaurantTableViewCell.m in Sources */ = {isa = PBXBuildFile; fileRef = 0DE32E731E7C1F9400F99BF6 /* RestaurantTableViewCell.m */; };
		0DEF99F51E81277D004A87E3 /* ReviewViewController.m in Sources */ = {isa = PBXBuildFile; fileRef = 0DEF99F41E81277D004A87E3 /* ReviewViewController.m */; };
/* End PBXBuildFile section */

/* Begin PBXFileReference section */
		0D164A711E7D21AD007F077E /* RestaurantDetailViewController.h */ = {isa = PBXFileReference; fileEncoding = 4; lastKnownFileType = sourcecode.c.h; path = RestaurantDetailViewController.h; sourceTree = "<group>"; };
		0D164A721E7D21AD007F077E /* RestaurantDetailViewController.m */ = {isa = PBXFileReference; fileEncoding = 4; lastKnownFileType = sourcecode.c.objc; path = RestaurantDetailViewController.m; sourceTree = "<group>"; };
		0D164A741E7D5D86007F077E /* Restaurant.h */ = {isa = PBXFileReference; fileEncoding = 4; lastKnownFileType = sourcecode.c.h; path = Restaurant.h; sourceTree = "<group>"; };
		0D164A751E7D5D86007F077E /* Restaurant.m */ = {isa = PBXFileReference; fileEncoding = 4; lastKnownFileType = sourcecode.c.objc; path = Restaurant.m; sourceTree = "<group>"; };
		0D5FD4861E7D70D0004BC128 /* RestaurantDetailTableViewCell.h */ = {isa = PBXFileReference; fileEncoding = 4; lastKnownFileType = sourcecode.c.h; path = RestaurantDetailTableViewCell.h; sourceTree = "<group>"; };
		0D5FD4871E7D70D0004BC128 /* RestaurantDetailTableViewCell.m */ = {isa = PBXFileReference; fileEncoding = 4; lastKnownFileType = sourcecode.c.objc; path = RestaurantDetailTableViewCell.m; sourceTree = "<group>"; };
		0D9F85001E8A3884000DA3DA /* MapKit.framework */ = {isa = PBXFileReference; lastKnownFileType = wrapper.framework; name = MapKit.framework; path = System/Library/Frameworks/MapKit.framework; sourceTree = SDKROOT; };
		0D9F85021E8A4072000DA3DA /* MapViewController.h */ = {isa = PBXFileReference; fileEncoding = 4; lastKnownFileType = sourcecode.c.h; path = MapViewController.h; sourceTree = "<group>"; };
		0D9F85031E8A4072000DA3DA /* MapViewController.m */ = {isa = PBXFileReference; fileEncoding = 4; lastKnownFileType = sourcecode.c.objc; path = MapViewController.m; sourceTree = "<group>"; };
		0DD98A881E7C15EF0030E698 /* FoodPin.app */ = {isa = PBXFileReference; explicitFileType = wrapper.application; includeInIndex = 0; path = FoodPin.app; sourceTree = BUILT_PRODUCTS_DIR; };
		0DD98A8C1E7C15EF0030E698 /* main.m */ = {isa = PBXFileReference; lastKnownFileType = sourcecode.c.objc; path = main.m; sourceTree = "<group>"; };
		0DD98A8E1E7C15EF0030E698 /* AppDelegate.h */ = {isa = PBXFileReference; lastKnownFileType = sourcecode.c.h; path = AppDelegate.h; sourceTree = "<group>"; };
		0DD98A8F1E7C15EF0030E698 /* AppDelegate.m */ = {isa = PBXFileReference; lastKnownFileType = sourcecode.c.objc; path = AppDelegate.m; sourceTree = "<group>"; };
		0DD98A951E7C15F00030E698 /* Base */ = {isa = PBXFileReference; lastKnownFileType = file.storyboard; name = Base; path = Base.lproj/Main.storyboard; sourceTree = "<group>"; };
		0DD98A971E7C15F00030E698 /* Assets.xcassets */ = {isa = PBXFileReference; lastKnownFileType = folder.assetcatalog; path = Assets.xcassets; sourceTree = "<group>"; };
		0DD98A9A1E7C15F00030E698 /* Base */ = {isa = PBXFileReference; lastKnownFileType = file.storyboard; name = Base; path = Base.lproj/LaunchScreen.storyboard; sourceTree = "<group>"; };
		0DD98A9C1E7C15F00030E698 /* Info.plist */ = {isa = PBXFileReference; lastKnownFileType = text.plist.xml; path = Info.plist; sourceTree = "<group>"; };
		0DD98AA21E7C17800030E698 /* RestaurantTableViewController.h */ = {isa = PBXFileReference; fileEncoding = 4; lastKnownFileType = sourcecode.c.h; path = RestaurantTableViewController.h; sourceTree = "<group>"; };
		0DD98AA31E7C17800030E698 /* RestaurantTableViewController.m */ = {isa = PBXFileReference; fileEncoding = 4; lastKnownFileType = sourcecode.c.objc; path = RestaurantTableViewController.m; sourceTree = "<group>"; };
		0DE32E721E7C1F9400F99BF6 /* RestaurantTableViewCell.h */ = {isa = PBXFileReference; fileEncoding = 4; lastKnownFileType = sourcecode.c.h; path = RestaurantTableViewCell.h; sourceTree = "<group>"; };
		0DE32E731E7C1F9400F99BF6 /* RestaurantTableViewCell.m */ = {isa = PBXFileReference; fileEncoding = 4; lastKnownFileType = sourcecode.c.objc; path = RestaurantTableViewCell.m; sourceTree = "<group>"; };
		0DEF99F31E81277D004A87E3 /* ReviewViewController.h */ = {isa = PBXFileReference; fileEncoding = 4; lastKnownFileType = sourcecode.c.h; path = ReviewViewController.h; sourceTree = "<group>"; };
		0DEF99F41E81277D004A87E3 /* ReviewViewController.m */ = {isa = PBXFileReference; fileEncoding = 4; lastKnownFileType = sourcecode.c.objc; path = ReviewViewController.m; sourceTree = "<group>"; };
/* End PBXFileReference section */

/* Begin PBXFrameworksBuildPhase section */
		0DD98A851E7C15EF0030E698 /* Frameworks */ = {
			isa = PBXFrameworksBuildPhase;
			buildActionMask = 2147483647;
			files = (
				0D9F85011E8A3884000DA3DA /* MapKit.framework in Frameworks */,
			);
			runOnlyForDeploymentPostprocessing = 0;
		};
/* End PBXFrameworksBuildPhase section */

/* Begin PBXGroup section */
		0D9F84FF1E8A3884000DA3DA /* Frameworks */ = {
			isa = PBXGroup;
			children = (
				0D9F85001E8A3884000DA3DA /* MapKit.framework */,
			);
			name = Frameworks;
			sourceTree = "<group>";
		};
		0DD98A7F1E7C15EF0030E698 = {
			isa = PBXGroup;
			children = (
				0DD98A8A1E7C15EF0030E698 /* FoodPin */,
				0DD98A891E7C15EF0030E698 /* Products */,
				0D9F84FF1E8A3884000DA3DA /* Frameworks */,
			);
			sourceTree = "<group>";
		};
		0DD98A891E7C15EF0030E698 /* Products */ = {
			isa = PBXGroup;
			children = (
				0DD98A881E7C15EF0030E698 /* FoodPin.app */,
			);
			name = Products;
			sourceTree = "<group>";
		};
		0DD98A8A1E7C15EF0030E698 /* FoodPin */ = {
			isa = PBXGroup;
			children = (
				0DD98A8E1E7C15EF0030E698 /* AppDelegate.h */,
				0DD98A8F1E7C15EF0030E698 /* AppDelegate.m */,
				0D164A741E7D5D86007F077E /* Restaurant.h */,
				0D164A751E7D5D86007F077E /* Restaurant.m */,
				0DD98A941E7C15F00030E698 /* Main.storyboard */,
				0DD98AA21E7C17800030E698 /* RestaurantTableViewController.h */,
				0DD98AA31E7C17800030E698 /* RestaurantTableViewController.m */,
				0DE32E721E7C1F9400F99BF6 /* RestaurantTableViewCell.h */,
				0DE32E731E7C1F9400F99BF6 /* RestaurantTableViewCell.m */,
				0D164A711E7D21AD007F077E /* RestaurantDetailViewController.h */,
				0D164A721E7D21AD007F077E /* RestaurantDetailViewController.m */,
				0D5FD4861E7D70D0004BC128 /* RestaurantDetailTableViewCell.h */,
				0D5FD4871E7D70D0004BC128 /* RestaurantDetailTableViewCell.m */,
				0DEF99F31E81277D004A87E3 /* ReviewViewController.h */,
				0DEF99F41E81277D004A87E3 /* ReviewViewController.m */,
				0D9F85021E8A4072000DA3DA /* MapViewController.h */,
				0D9F85031E8A4072000DA3DA /* MapViewController.m */,
				0DD98A971E7C15F00030E698 /* Assets.xcassets */,
				0DD98A991E7C15F00030E698 /* LaunchScreen.storyboard */,
				0DD98A9C1E7C15F00030E698 /* Info.plist */,
				0DD98A8B1E7C15EF0030E698 /* Supporting Files */,
			);
			path = FoodPin;
			sourceTree = "<group>";
		};
		0DD98A8B1E7C15EF0030E698 /* Supporting Files */ = {
			isa = PBXGroup;
			children = (
				0DD98A8C1E7C15EF0030E698 /* main.m */,
			);
			name = "Supporting Files";
			sourceTree = "<group>";
		};
/* End PBXGroup section */

/* Begin PBXNativeTarget section */
		0DD98A871E7C15EF0030E698 /* FoodPin */ = {
			isa = PBXNativeTarget;
			buildConfigurationList = 0DD98A9F1E7C15F00030E698 /* Build configuration list for PBXNativeTarget "FoodPin" */;
			buildPhases = (
				0DD98A841E7C15EF0030E698 /* Sources */,
				0DD98A851E7C15EF0030E698 /* Frameworks */,
				0DD98A861E7C15EF0030E698 /* Resources */,
			);
			buildRules = (
			);
			dependencies = (
			);
			name = FoodPin;
			productName = FoodPin;
			productReference = 0DD98A881E7C15EF0030E698 /* FoodPin.app */;
			productType = "com.apple.product-type.application";
		};
/* End PBXNativeTarget section */

/* Begin PBXProject section */
		0DD98A801E7C15EF0030E698 /* Project object */ = {
			isa = PBXProject;
			attributes = {
				LastUpgradeCheck = 0820;
				ORGANIZATIONNAME = MarkChang;
				TargetAttributes = {
					0DD98A871E7C15EF0030E698 = {
						CreatedOnToolsVersion = 8.2.1;
						DevelopmentTeam = Y53W55T72H;
						ProvisioningStyle = Automatic;
						SystemCapabilities = {
							com.apple.Maps.iOS = {
								enabled = 1;
							};
						};
					};
				};
			};
			buildConfigurationList = 0DD98A831E7C15EF0030E698 /* Build configuration list for PBXProject "FoodPin" */;
			compatibilityVersion = "Xcode 3.2";
			developmentRegion = English;
			hasScannedForEncodings = 0;
			knownRegions = (
				en,
				Base,
			);
			mainGroup = 0DD98A7F1E7C15EF0030E698;
			productRefGroup = 0DD98A891E7C15EF0030E698 /* Products */;
			projectDirPath = "";
			projectRoot = "";
			targets = (
				0DD98A871E7C15EF0030E698 /* FoodPin */,
			);
		};
/* End PBXProject section */

/* Begin PBXResourcesBuildPhase section */
		0DD98A861E7C15EF0030E698 /* Resources */ = {
			isa = PBXResourcesBuildPhase;
			buildActionMask = 2147483647;
			files = (
				0DD98A9B1E7C15F00030E698 /* LaunchScreen.storyboard in Resources */,
				0DD98A981E7C15F00030E698 /* Assets.xcassets in Resources */,
				0DD98A961E7C15F00030E698 /* Main.storyboard in Resources */,
			);
			runOnlyForDeploymentPostprocessing = 0;
		};
/* End PBXResourcesBuildPhase section */

/* Begin PBXSourcesBuildPhase section */
		0DD98A841E7C15EF0030E698 /* Sources */ = {
			isa = PBXSourcesBuildPhase;
			buildActionMask = 2147483647;
			files = (
				0DE32E741E7C1F9400F99BF6 /* RestaurantTableViewCell.m in Sources */,
				0D5FD4881E7D70D0004BC128 /* RestaurantDetailTableViewCell.m in Sources */,
				0DEF99F51E81277D004A87E3 /* ReviewViewController.m in Sources */,
				0D9F85041E8A4072000DA3DA /* MapViewController.m in Sources */,
				0D164A731E7D21AD007F077E /* RestaurantDetailViewController.m in Sources */,
				0DD98AA41E7C17800030E698 /* RestaurantTableViewController.m in Sources */,
				0DD98A901E7C15EF0030E698 /* AppDelegate.m in Sources */,
				0D164A761E7D5D86007F077E /* Restaurant.m in Sources */,
				0DD98A8D1E7C15EF0030E698 /* main.m in Sources */,
			);
			runOnlyForDeploymentPostprocessing = 0;
		};
/* End PBXSourcesBuildPhase section */

/* Begin PBXVariantGroup section */
		0DD98A941E7C15F00030E698 /* Main.storyboard */ = {
			isa = PBXVariantGroup;
			children = (
				0DD98A951E7C15F00030E698 /* Base */,
			);
			name = Main.storyboard;
			sourceTree = "<group>";
		};
		0DD98A991E7C15F00030E698 /* LaunchScreen.storyboard */ = {
			isa = PBXVariantGroup;
			children = (
				0DD98A9A1E7C15F00030E698 /* Base */,
			);
			name = LaunchScreen.storyboard;
			sourceTree = "<group>";
		};
/* End PBXVariantGroup section */

/* Begin XCBuildConfiguration section */
		0DD98A9D1E7C15F00030E698 /* Debug */ = {
			isa = XCBuildConfiguration;
			buildSettings = {
				ALWAYS_SEARCH_USER_PATHS = NO;
				CLANG_ANALYZER_NONNULL = YES;
				CLANG_CXX_LANGUAGE_STANDARD = "gnu++0x";
				CLANG_CXX_LIBRARY = "libc++";
				CLANG_ENABLE_MODULES = YES;
				CLANG_ENABLE_OBJC_ARC = YES;
				CLANG_WARN_BOOL_CONVERSION = YES;
				CLANG_WARN_CONSTANT_CONVERSION = YES;
				CLANG_WARN_DIRECT_OBJC_ISA_USAGE = YES_ERROR;
				CLANG_WARN_DOCUMENTATION_COMMENTS = YES;
				CLANG_WARN_EMPTY_BODY = YES;
				CLANG_WARN_ENUM_CONVERSION = YES;
				CLANG_WARN_INFINITE_RECURSION = YES;
				CLANG_WARN_INT_CONVERSION = YES;
				CLANG_WARN_OBJC_ROOT_CLASS = YES_ERROR;
				CLANG_WARN_SUSPICIOUS_MOVE = YES;
				CLANG_WARN_UNREACHABLE_CODE = YES;
				CLANG_WARN__DUPLICATE_METHOD_MATCH = YES;
				"CODE_SIGN_IDENTITY[sdk=iphoneos*]" = "iPhone Developer";
				COPY_PHASE_STRIP = NO;
				DEBUG_INFORMATION_FORMAT = dwarf;
				ENABLE_STRICT_OBJC_MSGSEND = YES;
				ENABLE_TESTABILITY = YES;
				GCC_C_LANGUAGE_STANDARD = gnu99;
				GCC_DYNAMIC_NO_PIC = NO;
				GCC_NO_COMMON_BLOCKS = YES;
				GCC_OPTIMIZATION_LEVEL = 0;
				GCC_PREPROCESSOR_DEFINITIONS = (
					"DEBUG=1",
					"$(inherited)",
				);
				GCC_WARN_64_TO_32_BIT_CONVERSION = YES;
				GCC_WARN_ABOUT_RETURN_TYPE = YES_ERROR;
				GCC_WARN_UNDECLARED_SELECTOR = YES;
				GCC_WARN_UNINITIALIZED_AUTOS = YES_AGGRESSIVE;
				GCC_WARN_UNUSED_FUNCTION = YES;
				GCC_WARN_UNUSED_VARIABLE = YES;
				IPHONEOS_DEPLOYMENT_TARGET = 10.2;
				MTL_ENABLE_DEBUG_INFO = YES;
				ONLY_ACTIVE_ARCH = YES;
				SDKROOT = iphoneos;
			};
			name = Debug;
		};
		0DD98A9E1E7C15F00030E698 /* Release */ = {
			isa = XCBuildConfiguration;
			buildSettings = {
				ALWAYS_SEARCH_USER_PATHS = NO;
				CLANG_ANALYZER_NONNULL = YES;
				CLANG_CXX_LANGUAGE_STANDARD = "gnu++0x";
				CLANG_CXX_LIBRARY = "libc++";
				CLANG_ENABLE_MODULES = YES;
				CLANG_ENABLE_OBJC_ARC = YES;
				CLANG_WARN_BOOL_CONVERSION = YES;
				CLANG_WARN_CONSTANT_CONVERSION = YES;
				CLANG_WARN_DIRECT_OBJC_ISA_USAGE = YES_ERROR;
				CLANG_WARN_DOCUMENTATION_COMMENTS = YES;
				CLANG_WARN_EMPTY_BODY = YES;
				CLANG_WARN_ENUM_CONVERSION = YES;
				CLANG_WARN_INFINITE_RECURSION = YES;
				CLANG_WARN_INT_CONVERSION = YES;
				CLANG_WARN_OBJC_ROOT_CLASS = YES_ERROR;
				CLANG_WARN_SUSPICIOUS_MOVE = YES;
				CLANG_WARN_UNREACHABLE_CODE = YES;
				CLANG_WARN__DUPLICATE_METHOD_MATCH = YES;
				"CODE_SIGN_IDENTITY[sdk=iphoneos*]" = "iPhone Developer";
				COPY_PHASE_STRIP = NO;
				DEBUG_INFORMATION_FORMAT = "dwarf-with-dsym";
				ENABLE_NS_ASSERTIONS = NO;
				ENABLE_STRICT_OBJC_MSGSEND = YES;
				GCC_C_LANGUAGE_STANDARD = gnu99;
				GCC_NO_COMMON_BLOCKS = YES;
				GCC_WARN_64_TO_32_BIT_CONVERSION = YES;
				GCC_WARN_ABOUT_RETURN_TYPE = YES_ERROR;
				GCC_WARN_UNDECLARED_SELECTOR = YES;
				GCC_WARN_UNINITIALIZED_AUTOS = YES_AGGRESSIVE;
				GCC_WARN_UNUSED_FUNCTION = YES;
				GCC_WARN_UNUSED_VARIABLE = YES;
				IPHONEOS_DEPLOYMENT_TARGET = 10.2;
				MTL_ENABLE_DEBUG_INFO = NO;
				SDKROOT = iphoneos;
				VALIDATE_PRODUCT = YES;
			};
			name = Release;
		};
		0DD98AA01E7C15F00030E698 /* Debug */ = {
			isa = XCBuildConfiguration;
			buildSettings = {
				ASSETCATALOG_COMPILER_APPICON_NAME = AppIcon;
				"CODE_SIGN_IDENTITY[sdk=iphoneos*]" = "iPhone Developer";
				DEVELOPMENT_TEAM = Y53W55T72H;
				INFOPLIST_FILE = FoodPin/Info.plist;
				LD_RUNPATH_SEARCH_PATHS = "$(inherited) @executable_path/Frameworks";
				PRODUCT_BUNDLE_IDENTIFIER = "tw.com.markchang.FoodPin-objc";
				PRODUCT_NAME = "$(TARGET_NAME)";
			};
			name = Debug;
		};
		0DD98AA11E7C15F00030E698 /* Release */ = {
			isa = XCBuildConfiguration;
			buildSettings = {
				ASSETCATALOG_COMPILER_APPICON_NAME = AppIcon;
				"CODE_SIGN_IDENTITY[sdk=iphoneos*]" = "iPhone Developer";
				DEVELOPMENT_TEAM = Y53W55T72H;
				INFOPLIST_FILE = FoodPin/Info.plist;
				LD_RUNPATH_SEARCH_PATHS = "$(inherited) @executable_path/Frameworks";
				PRODUCT_BUNDLE_IDENTIFIER = "tw.com.markchang.FoodPin-objc";
				PRODUCT_NAME = "$(TARGET_NAME)";
			};
			name = Release;
		};
/* End XCBuildConfiguration section */

/* Begin XCConfigurationList section */
		0DD98A831E7C15EF0030E698 /* Build configuration list for PBXProject "FoodPin" */ = {
			isa = XCConfigurationList;
			buildConfigurations = (
				0DD98A9D1E7C15F00030E698 /* Debug */,
				0DD98A9E1E7C15F00030E698 /* Release */,
			);
			defaultConfigurationIsVisible = 0;
			defaultConfigurationName = Release;
		};
		0DD98A9F1E7C15F00030E698 /* Build configuration list for PBXNativeTarget "FoodPin" */ = {
			isa = XCConfigurationList;
			buildConfigurations = (
				0DD98AA01E7C15F00030E698 /* Debug */,
				0DD98AA11E7C15F00030E698 /* Release */,
			);
			defaultConfigurationIsVisible = 0;
			defaultConfigurationName = Release;
		};
/* End XCConfigurationList section */
	};
	rootObject = 0DD98A801E7C15EF0030E698 /* Project object */;
}
